{
  "nodes": {
    "flake-compat": {
      "locked": {
        "lastModified": 1688025799,
        "narHash": "sha256-ktpB4dRtnksm9F5WawoIkEneh1nrEvuxb5lJFt1iOyw=",
        "owner": "nix-community",
        "repo": "flake-compat",
        "rev": "8bf105319d44f6b9f0d764efa4fdef9f1cc9ba1c",
        "type": "github"
      },
      "original": {
        "owner": "nix-community",
        "repo": "flake-compat",
        "type": "github"
      }
    },
    "nixpkgs": {
      "locked": {
        "lastModified": 1709811809,
        "narHash": "sha256-uCuGhHCSVZIq5WC95nB8SVoQOkya2Vw5EwB8XDi34BE=",
        "owner": "nixos",
        "repo": "nixpkgs",
        "rev": "498ce719b17ae21cc0bbe5f4cfb159303c735b47",
        "type": "github"
      },
      "original": {
        "owner": "nixos",
        "repo": "nixpkgs",
        "rev": "498ce719b17ae21cc0bbe5f4cfb159303c735b47",
        "type": "github"
      }
    },
    "root": {
      "inputs": {
        "flake-compat": "flake-compat",
        "nixpkgs": "nixpkgs",
        "rust-overlay": "rust-overlay"
      }
    },
    "rust-overlay": {
      "flake": false,
      "locked": {
        "lastModified": 1709777204,
        "narHash": "sha256-ORUtu+GmrQwNc51mCIjxa/8DdOS901npphBL7k5aXX0=",
        "owner": "oxalica",
        "repo": "rust-overlay",
        "rev": "7fdb7a7a846dc1f407cd6b24af04a0b8d018c3de",
        "type": "github"
      },
      "original": {
        "owner": "oxalica",
        "repo": "rust-overlay",
        "type": "github"
      }
    }
  },
  "root": "root",
  "version": 7
}
